
Microsoft Visual Studio Solution File, Format Version 12.00
# Visual Studio Version 17
VisualStudioVersion = 17.2.32616.157
MinimumVisualStudioVersion = 10.0.40219.1
Project("{FAE04EC0-301F-11D3-BF4B-00C04F79EFBC}") = "OLE_TPMoyennes", "OLE_TPMoyennes\OLE_TPMoyennes.csproj", "{4DADFEB0-D8C0-4FC7-8841-8A76D587E45C}"
EndProject
Global
	GlobalSection(SolutionConfigurationPlatforms) = preSolution
		Debug|Any CPU = Debug|Any CPU
		Release|Any CPU = Release|Any CPU
	EndGlobalSection
	GlobalSection(ProjectConfigurationPlatforms) = postSolution
		{4DADFEB0-D8C0-4FC7-8841-8A76D587E45C}.Debug|Any CPU.ActiveCfg = Debug|Any CPU
		{4DADFEB0-D8C0-4FC7-8841-8A76D587E45C}.Debug|Any CPU.Build.0 = Debug|Any CPU
		{4DADFEB0-D8C0-4FC7-8841-8A76D587E45C}.Release|Any CPU.ActiveCfg = Release|Any CPU
		{4DADFEB0-D8C0-4FC7-8841-8A76D587E45C}.Release|Any CPU.Build.0 = Release|Any CPU
	EndGlobalSection
	GlobalSection(SolutionProperties) = preSolution
		HideSolutionNode = FALSE
	EndGlobalSection
	GlobalSection(ExtensibilityGlobals) = postSolution
		SolutionGuid = {B99A1E68-D518-4D39-933F-7C7C34EB6BA6}
	EndGlobalSection
EndGlobal
